// !$*UTF8*$!
{
	archiveVersion = 1;
	classes = {
	};
	objectVersion = 46;
	objects = {

/* Begin PBXBuildFile section */
		7646AAF81D5576B900AD1FD8 /* TwoSumTests.swift in Sources */ = {isa = PBXBuildFile; fileRef = 7646AAF71D5576B900AD1FD8 /* TwoSumTests.swift */; };
		7646AB061D55777500AD1FD8 /* TwoSum.swift in Sources */ = {isa = PBXBuildFile; fileRef = 7646AB051D55777500AD1FD8 /* TwoSum.swift */; };
		7646AB081D55977F00AD1FD8 /* AddTwoNumbers.swift in Sources */ = {isa = PBXBuildFile; fileRef = 7646AB071D55977F00AD1FD8 /* AddTwoNumbers.swift */; };
		7646AB0A1D55B47E00AD1FD8 /* AddTwoNumbersTests.swift in Sources */ = {isa = PBXBuildFile; fileRef = 7646AB091D55B47E00AD1FD8 /* AddTwoNumbersTests.swift */; };
		7646AB0C1D569E6C00AD1FD8 /* LongestSubstring.swift in Sources */ = {isa = PBXBuildFile; fileRef = 7646AB0B1D569E6C00AD1FD8 /* LongestSubstring.swift */; };
		7646AB0E1D56BBB600AD1FD8 /* LongestSubstringTests.swift in Sources */ = {isa = PBXBuildFile; fileRef = 7646AB0D1D56BBB600AD1FD8 /* LongestSubstringTests.swift */; };
/* End PBXBuildFile section */

/* Begin PBXFileReference section */
		7646AAEE1D55768D00AD1FD8 /* CodeChallengeTests.xctest */ = {isa = PBXFileReference; explicitFileType = wrapper.cfbundle; includeInIndex = 0; path = CodeChallengeTests.xctest; sourceTree = BUILT_PRODUCTS_DIR; };
		7646AAF31D55768D00AD1FD8 /* Info.plist */ = {isa = PBXFileReference; lastKnownFileType = text.plist.xml; path = Info.plist; sourceTree = "<group>"; };
		7646AAF71D5576B900AD1FD8 /* TwoSumTests.swift */ = {isa = PBXFileReference; fileEncoding = 4; lastKnownFileType = sourcecode.swift; path = TwoSumTests.swift; sourceTree = "<group>"; };
		7646AB051D55777500AD1FD8 /* TwoSum.swift */ = {isa = PBXFileReference; fileEncoding = 4; lastKnownFileType = sourcecode.swift; path = TwoSum.swift; sourceTree = "<group>"; };
		7646AB071D55977F00AD1FD8 /* AddTwoNumbers.swift */ = {isa = PBXFileReference; fileEncoding = 4; lastKnownFileType = sourcecode.swift; path = AddTwoNumbers.swift; sourceTree = "<group>"; };
		7646AB091D55B47E00AD1FD8 /* AddTwoNumbersTests.swift */ = {isa = PBXFileReference; fileEncoding = 4; lastKnownFileType = sourcecode.swift; path = AddTwoNumbersTests.swift; sourceTree = "<group>"; };
		7646AB0B1D569E6C00AD1FD8 /* LongestSubstring.swift */ = {isa = PBXFileReference; fileEncoding = 4; lastKnownFileType = sourcecode.swift; path = LongestSubstring.swift; sourceTree = "<group>"; };
		7646AB0D1D56BBB600AD1FD8 /* LongestSubstringTests.swift */ = {isa = PBXFileReference; fileEncoding = 4; lastKnownFileType = sourcecode.swift; path = LongestSubstringTests.swift; sourceTree = "<group>"; };
/* End PBXFileReference section */

/* Begin PBXFrameworksBuildPhase section */
		7646AAEB1D55768D00AD1FD8 /* Frameworks */ = {
			isa = PBXFrameworksBuildPhase;
			buildActionMask = 2147483647;
			files = (
			);
			runOnlyForDeploymentPostprocessing = 0;
		};
/* End PBXFrameworksBuildPhase section */

/* Begin PBXGroup section */
		7646AAE31D55766300AD1FD8 = {
			isa = PBXGroup;
			children = (
				7646AB041D55771900AD1FD8 /* CodeChallenge */,
				7646AAF01D55768D00AD1FD8 /* CodeChallengeTests */,
				7646AAEF1D55768D00AD1FD8 /* Products */,
			);
			sourceTree = "<group>";
		};
		7646AAEF1D55768D00AD1FD8 /* Products */ = {
			isa = PBXGroup;
			children = (
				7646AAEE1D55768D00AD1FD8 /* CodeChallengeTests.xctest */,
			);
			name = Products;
			sourceTree = "<group>";
		};
		7646AAF01D55768D00AD1FD8 /* CodeChallengeTests */ = {
			isa = PBXGroup;
			children = (
				7646AAF71D5576B900AD1FD8 /* TwoSumTests.swift */,
				7646AB091D55B47E00AD1FD8 /* AddTwoNumbersTests.swift */,
				7646AAF31D55768D00AD1FD8 /* Info.plist */,
				7646AB0D1D56BBB600AD1FD8 /* LongestSubstringTests.swift */,
			);
			path = CodeChallengeTests;
			sourceTree = "<group>";
		};
		7646AB041D55771900AD1FD8 /* CodeChallenge */ = {
			isa = PBXGroup;
			children = (
				7646AB051D55777500AD1FD8 /* TwoSum.swift */,
				7646AB071D55977F00AD1FD8 /* AddTwoNumbers.swift */,
				7646AB0B1D569E6C00AD1FD8 /* LongestSubstring.swift */,
			);
			path = CodeChallenge;
			sourceTree = "<group>";
		};
/* End PBXGroup section */

/* Begin PBXNativeTarget section */
		7646AAED1D55768D00AD1FD8 /* CodeChallengeTests */ = {
			isa = PBXNativeTarget;
			buildConfigurationList = 7646AAF41D55768D00AD1FD8 /* Build configuration list for PBXNativeTarget "CodeChallengeTests" */;
			buildPhases = (
				7646AAEA1D55768D00AD1FD8 /* Sources */,
				7646AAEB1D55768D00AD1FD8 /* Frameworks */,
				7646AAEC1D55768D00AD1FD8 /* Resources */,
			);
			buildRules = (
			);
			dependencies = (
			);
			name = CodeChallengeTests;
			productName = CodeChallengeTests;
			productReference = 7646AAEE1D55768D00AD1FD8 /* CodeChallengeTests.xctest */;
			productType = "com.apple.product-type.bundle.unit-test";
		};
/* End PBXNativeTarget section */

/* Begin PBXProject section */
		7646AAE41D55766300AD1FD8 /* Project object */ = {
			isa = PBXProject;
			attributes = {
				LastSwiftUpdateCheck = 0800;
				LastUpgradeCheck = 0800;
				TargetAttributes = {
					7646AAED1D55768D00AD1FD8 = {
						CreatedOnToolsVersion = 8.0;
						ProvisioningStyle = Automatic;
					};
				};
			};
			buildConfigurationList = 7646AAE71D55766300AD1FD8 /* Build configuration list for PBXProject "CodeChallenge" */;
			compatibilityVersion = "Xcode 3.2";
			developmentRegion = English;
			hasScannedForEncodings = 0;
			knownRegions = (
				en,
			);
			mainGroup = 7646AAE31D55766300AD1FD8;
			productRefGroup = 7646AAEF1D55768D00AD1FD8 /* Products */;
			projectDirPath = "";
			projectRoot = "";
			targets = (
				7646AAED1D55768D00AD1FD8 /* CodeChallengeTests */,
			);
		};
/* End PBXProject section */

/* Begin PBXResourcesBuildPhase section */
		7646AAEC1D55768D00AD1FD8 /* Resources */ = {
			isa = PBXResourcesBuildPhase;
			buildActionMask = 2147483647;
			files = (
			);
			runOnlyForDeploymentPostprocessing = 0;
		};
/* End PBXResourcesBuildPhase section */

/* Begin PBXSourcesBuildPhase section */
		7646AAEA1D55768D00AD1FD8 /* Sources */ = {
			isa = PBXSourcesBuildPhase;
			buildActionMask = 2147483647;
			files = (
				7646AB081D55977F00AD1FD8 /* AddTwoNumbers.swift in Sources */,
				7646AB0C1D569E6C00AD1FD8 /* LongestSubstring.swift in Sources */,
				7646AB0E1D56BBB600AD1FD8 /* LongestSubstringTests.swift in Sources */,
				7646AB0A1D55B47E00AD1FD8 /* AddTwoNumbersTests.swift in Sources */,
				7646AB061D55777500AD1FD8 /* TwoSum.swift in Sources */,
				7646AAF81D5576B900AD1FD8 /* TwoSumTests.swift in Sources */,
			);
			runOnlyForDeploymentPostprocessing = 0;
		};
/* End PBXSourcesBuildPhase section */

/* Begin XCBuildConfiguration section */
		7646AAE81D55766300AD1FD8 /* Debug */ = {
			isa = XCBuildConfiguration;
			buildSettings = {
			};
			name = Debug;
		};
		7646AAE91D55766300AD1FD8 /* Release */ = {
			isa = XCBuildConfiguration;
			buildSettings = {
			};
			name = Release;
		};
		7646AAF51D55768D00AD1FD8 /* Debug */ = {
			isa = XCBuildConfiguration;
			buildSettings = {
				ALWAYS_SEARCH_USER_PATHS = NO;
				CLANG_ANALYZER_NONNULL = YES;
				CLANG_CXX_LANGUAGE_STANDARD = "gnu++0x";
				CLANG_CXX_LIBRARY = "libc++";
				CLANG_ENABLE_MODULES = YES;
				CLANG_ENABLE_OBJC_ARC = YES;
				CLANG_WARN_BOOL_CONVERSION = YES;
				CLANG_WARN_CONSTANT_CONVERSION = YES;
				CLANG_WARN_DIRECT_OBJC_ISA_USAGE = YES_ERROR;
				CLANG_WARN_DOCUMENTATION_COMMENTS = YES;
				CLANG_WARN_EMPTY_BODY = YES;
				CLANG_WARN_ENUM_CONVERSION = YES;
				CLANG_WARN_INFINITE_RECURSION = YES;
				CLANG_WARN_INT_CONVERSION = YES;
				CLANG_WARN_OBJC_ROOT_CLASS = YES_ERROR;
				CLANG_WARN_SUSPICIOUS_MOVES = YES;
				CLANG_WARN_UNREACHABLE_CODE = YES;
				CLANG_WARN__DUPLICATE_METHOD_MATCH = YES;
				CODE_SIGN_IDENTITY = "-";
				COMBINE_HIDPI_IMAGES = YES;
				COPY_PHASE_STRIP = NO;
				DEBUG_INFORMATION_FORMAT = dwarf;
				ENABLE_STRICT_OBJC_MSGSEND = YES;
				ENABLE_TESTABILITY = YES;
				GCC_C_LANGUAGE_STANDARD = gnu99;
				GCC_DYNAMIC_NO_PIC = NO;
				GCC_NO_COMMON_BLOCKS = YES;
				GCC_OPTIMIZATION_LEVEL = 0;
				GCC_PREPROCESSOR_DEFINITIONS = (
					"DEBUG=1",
					"$(inherited)",
				);
				GCC_WARN_64_TO_32_BIT_CONVERSION = YES;
				GCC_WARN_ABOUT_RETURN_TYPE = YES_ERROR;
				GCC_WARN_UNDECLARED_SELECTOR = YES;
				GCC_WARN_UNINITIALIZED_AUTOS = YES_AGGRESSIVE;
				GCC_WARN_UNUSED_FUNCTION = YES;
				GCC_WARN_UNUSED_VARIABLE = YES;
				INFOPLIST_FILE = CodeChallengeTests/Info.plist;
				LD_RUNPATH_SEARCH_PATHS = "$(inherited) @executable_path/../Frameworks @loader_path/../Frameworks";
				MACOSX_DEPLOYMENT_TARGET = 10.11;
				MTL_ENABLE_DEBUG_INFO = YES;
				ONLY_ACTIVE_ARCH = YES;
				PRODUCT_BUNDLE_IDENTIFIER = joooon.CodeChallengeTests;
				PRODUCT_NAME = "$(TARGET_NAME)";
				SDKROOT = macosx;
				SWIFT_ACTIVE_COMPILATION_CONDITIONS = DEBUG;
				SWIFT_OPTIMIZATION_LEVEL = "-Onone";
				SWIFT_VERSION = 3.0;
			};
			name = Debug;
		};
		7646AAF61D55768D00AD1FD8 /* Release */ = {
			isa = XCBuildConfiguration;
			buildSettings = {
				ALWAYS_SEARCH_USER_PATHS = NO;
				CLANG_ANALYZER_NONNULL = YES;
				CLANG_CXX_LANGUAGE_STANDARD = "gnu++0x";
				CLANG_CXX_LIBRARY = "libc++";
				CLANG_ENABLE_MODULES = YES;
				CLANG_ENABLE_OBJC_ARC = YES;
				CLANG_WARN_BOOL_CONVERSION = YES;
				CLANG_WARN_CONSTANT_CONVERSION = YES;
				CLANG_WARN_DIRECT_OBJC_ISA_USAGE = YES_ERROR;
				CLANG_WARN_DOCUMENTATION_COMMENTS = YES;
				CLANG_WARN_EMPTY_BODY = YES;
				CLANG_WARN_ENUM_CONVERSION = YES;
				CLANG_WARN_INFINITE_RECURSION = YES;
				CLANG_WARN_INT_CONVERSION = YES;
				CLANG_WARN_OBJC_ROOT_CLASS = YES_ERROR;
				CLANG_WARN_SUSPICIOUS_MOVES = YES;
				CLANG_WARN_UNREACHABLE_CODE = YES;
				CLANG_WARN__DUPLICATE_METHOD_MATCH = YES;
				CODE_SIGN_IDENTITY = "-";
				COMBINE_HIDPI_IMAGES = YES;
				COPY_PHASE_STRIP = NO;
				DEBUG_INFORMATION_FORMAT = "dwarf-with-dsym";
				ENABLE_NS_ASSERTIONS = NO;
				ENABLE_STRICT_OBJC_MSGSEND = YES;
				GCC_C_LANGUAGE_STANDARD = gnu99;
				GCC_NO_COMMON_BLOCKS = YES;
				GCC_WARN_64_TO_32_BIT_CONVERSION = YES;
				GCC_WARN_ABOUT_RETURN_TYPE = YES_ERROR;
				GCC_WARN_UNDECLARED_SELECTOR = YES;
				GCC_WARN_UNINITIALIZED_AUTOS = YES_AGGRESSIVE;
				GCC_WARN_UNUSED_FUNCTION = YES;
				GCC_WARN_UNUSED_VARIABLE = YES;
				INFOPLIST_FILE = CodeChallengeTests/Info.plist;
				LD_RUNPATH_SEARCH_PATHS = "$(inherited) @executable_path/../Frameworks @loader_path/../Frameworks";
				MACOSX_DEPLOYMENT_TARGET = 10.11;
				MTL_ENABLE_DEBUG_INFO = NO;
				PRODUCT_BUNDLE_IDENTIFIER = joooon.CodeChallengeTests;
				PRODUCT_NAME = "$(TARGET_NAME)";
				SDKROOT = macosx;
				SWIFT_OPTIMIZATION_LEVEL = "-Owholemodule";
				SWIFT_VERSION = 3.0;
			};
			name = Release;
		};
/* End XCBuildConfiguration section */

/* Begin XCConfigurationList section */
		7646AAE71D55766300AD1FD8 /* Build configuration list for PBXProject "CodeChallenge" */ = {
			isa = XCConfigurationList;
			buildConfigurations = (
				7646AAE81D55766300AD1FD8 /* Debug */,
				7646AAE91D55766300AD1FD8 /* Release */,
			);
			defaultConfigurationIsVisible = 0;
			defaultConfigurationName = Release;
		};
		7646AAF41D55768D00AD1FD8 /* Build configuration list for PBXNativeTarget "CodeChallengeTests" */ = {
			isa = XCConfigurationList;
			buildConfigurations = (
				7646AAF51D55768D00AD1FD8 /* Debug */,
				7646AAF61D55768D00AD1FD8 /* Release */,
			);
			defaultConfigurationIsVisible = 0;
		};
/* End XCConfigurationList section */
	};
	rootObject = 7646AAE41D55766300AD1FD8 /* Project object */;
}
